
Microsoft Visual Studio Solution File, Format Version 12.00
# Visual Studio 15
VisualStudioVersion = 15.0.28307.168
MinimumVisualStudioVersion = 10.0.40219.1
Project("{FAE04EC0-301F-11D3-BF4B-00C04F79EFBC}") = "HS.Web", "HS.Web\HS.Web.csproj", "{FDF18140-556C-4578-B3DE-0BAA738DC73D}"
EndProject
Global
	GlobalSection(SolutionConfigurationPlatforms) = preSolution
		Debug|Any CPU = Debug|Any CPU
		Release|Any CPU = Release|Any CPU
	EndGlobalSection
	GlobalSection(ProjectConfigurationPlatforms) = postSolution
		{FDF18140-556C-4578-B3DE-0BAA738DC73D}.Debug|Any CPU.ActiveCfg = Debug|Any CPU
		{FDF18140-556C-4578-B3DE-0BAA738DC73D}.Debug|Any CPU.Build.0 = Debug|Any CPU
		{FDF18140-556C-4578-B3DE-0BAA738DC73D}.Release|Any CPU.ActiveCfg = Release|Any CPU
		{FDF18140-556C-4578-B3DE-0BAA738DC73D}.Release|Any CPU.Build.0 = Release|Any CPU
	EndGlobalSection
	GlobalSection(SolutionProperties) = preSolution
		HideSolutionNode = FALSE
	EndGlobalSection
	GlobalSection(ExtensibilityGlobals) = postSolution
		SolutionGuid = {6986F4F2-AB35-4138-8B5A-278B47AD23C1}
	EndGlobalSection
EndGlobal
