
Microsoft Visual Studio Solution File, Format Version 12.00
# Visual Studio 15
VisualStudioVersion = 15.0.28307.168
MinimumVisualStudioVersion = 10.0.40219.1
Project("{9A19103F-16F7-4668-BE54-9A1E7A4F7556}") = "HS.Web", "HS.Web\HS.Web.csproj", "{FDF18140-556C-4578-B3DE-0BAA738DC73D}"
EndProject
Project("{9A19103F-16F7-4668-BE54-9A1E7A4F7556}") = "HS.Data", "HS.Data\HS.Data.csproj", "{88C05583-1C9A-48CC-AB35-04275ADD9BF8}"
EndProject
Project("{FAE04EC0-301F-11D3-BF4B-00C04F79EFBC}") = "HS.Infrastructure", "HS.Infrastructure\HS.Infrastructure.csproj", "{042D73A7-4874-446C-8920-4F8DDBB4F0D5}"
EndProject
Global
	GlobalSection(SolutionConfigurationPlatforms) = preSolution
		Debug|Any CPU = Debug|Any CPU
		Release|Any CPU = Release|Any CPU
	EndGlobalSection
	GlobalSection(ProjectConfigurationPlatforms) = postSolution
		{FDF18140-556C-4578-B3DE-0BAA738DC73D}.Debug|Any CPU.ActiveCfg = Debug|Any CPU
		{FDF18140-556C-4578-B3DE-0BAA738DC73D}.Debug|Any CPU.Build.0 = Debug|Any CPU
		{FDF18140-556C-4578-B3DE-0BAA738DC73D}.Release|Any CPU.ActiveCfg = Release|Any CPU
		{FDF18140-556C-4578-B3DE-0BAA738DC73D}.Release|Any CPU.Build.0 = Release|Any CPU
		{88C05583-1C9A-48CC-AB35-04275ADD9BF8}.Debug|Any CPU.ActiveCfg = Debug|Any CPU
		{88C05583-1C9A-48CC-AB35-04275ADD9BF8}.Debug|Any CPU.Build.0 = Debug|Any CPU
		{88C05583-1C9A-48CC-AB35-04275ADD9BF8}.Release|Any CPU.ActiveCfg = Release|Any CPU
		{88C05583-1C9A-48CC-AB35-04275ADD9BF8}.Release|Any CPU.Build.0 = Release|Any CPU
		{042D73A7-4874-446C-8920-4F8DDBB4F0D5}.Debug|Any CPU.ActiveCfg = Debug|Any CPU
		{042D73A7-4874-446C-8920-4F8DDBB4F0D5}.Debug|Any CPU.Build.0 = Debug|Any CPU
		{042D73A7-4874-446C-8920-4F8DDBB4F0D5}.Release|Any CPU.ActiveCfg = Release|Any CPU
		{042D73A7-4874-446C-8920-4F8DDBB4F0D5}.Release|Any CPU.Build.0 = Release|Any CPU
	EndGlobalSection
	GlobalSection(SolutionProperties) = preSolution
		HideSolutionNode = FALSE
	EndGlobalSection
	GlobalSection(ExtensibilityGlobals) = postSolution
		SolutionGuid = {6986F4F2-AB35-4138-8B5A-278B47AD23C1}
	EndGlobalSection
EndGlobal
